
Microsoft Visual Studio Solution File, Format Version 12.00
# Visual Studio Version 16
VisualStudioVersion = 16.0.30330.147
MinimumVisualStudioVersion = 10.0.40219.1
Project("{9A19103F-16F7-4668-BE54-9A1E7A4F7556}") = "X4Foundations.FrontEnd.Wpf", "X4Foundations\X4Foundations.FrontEnd.Wpf.csproj", "{1905EC03-20B9-4346-92AC-55B998FEF8FE}"
EndProject
Project("{9A19103F-16F7-4668-BE54-9A1E7A4F7556}") = "X4Foundations.Test.DataAccess", "X4Foundations.Test\X4Foundations.Test.DataAccess.csproj", "{576B60DD-D1AD-43A8-BEA0-D7F0AAA3C26D}"
EndProject
Project("{FAE04EC0-301F-11D3-BF4B-00C04F79EFBC}") = "X4Foundations.DataAccess", "X4Foundations.DataAccess\X4Foundations.DataAccess.csproj", "{24DD485A-49C7-4072-85EE-B3D7505732AF}"
EndProject
Global
	GlobalSection(SolutionConfigurationPlatforms) = preSolution
		Debug|Any CPU = Debug|Any CPU
		Release|Any CPU = Release|Any CPU
	EndGlobalSection
	GlobalSection(ProjectConfigurationPlatforms) = postSolution
		{1905EC03-20B9-4346-92AC-55B998FEF8FE}.Debug|Any CPU.ActiveCfg = Debug|Any CPU
		{1905EC03-20B9-4346-92AC-55B998FEF8FE}.Debug|Any CPU.Build.0 = Debug|Any CPU
		{1905EC03-20B9-4346-92AC-55B998FEF8FE}.Release|Any CPU.ActiveCfg = Release|Any CPU
		{1905EC03-20B9-4346-92AC-55B998FEF8FE}.Release|Any CPU.Build.0 = Release|Any CPU
		{576B60DD-D1AD-43A8-BEA0-D7F0AAA3C26D}.Debug|Any CPU.ActiveCfg = Debug|Any CPU
		{576B60DD-D1AD-43A8-BEA0-D7F0AAA3C26D}.Debug|Any CPU.Build.0 = Debug|Any CPU
		{576B60DD-D1AD-43A8-BEA0-D7F0AAA3C26D}.Release|Any CPU.ActiveCfg = Release|Any CPU
		{576B60DD-D1AD-43A8-BEA0-D7F0AAA3C26D}.Release|Any CPU.Build.0 = Release|Any CPU
		{24DD485A-49C7-4072-85EE-B3D7505732AF}.Debug|Any CPU.ActiveCfg = Debug|Any CPU
		{24DD485A-49C7-4072-85EE-B3D7505732AF}.Debug|Any CPU.Build.0 = Debug|Any CPU
		{24DD485A-49C7-4072-85EE-B3D7505732AF}.Release|Any CPU.ActiveCfg = Release|Any CPU
		{24DD485A-49C7-4072-85EE-B3D7505732AF}.Release|Any CPU.Build.0 = Release|Any CPU
	EndGlobalSection
	GlobalSection(SolutionProperties) = preSolution
		HideSolutionNode = FALSE
	EndGlobalSection
	GlobalSection(ExtensibilityGlobals) = postSolution
		SolutionGuid = {31803AAD-C284-445B-B416-F9884FA94321}
	EndGlobalSection
EndGlobal
